
Microsoft Visual Studio Solution File, Format Version 12.00
# Visual Studio Version 17
VisualStudioVersion = 17.8.34408.163
MinimumVisualStudioVersion = 10.0.40219.1
Project("{FAE04EC0-301F-11D3-BF4B-00C04F79EFBC}") = "Escolha6", "Escolha6.csproj", "{C93B0178-0D14-4EF6-8F11-D56D661D57E3}"
EndProject
Global
	GlobalSection(SolutionConfigurationPlatforms) = preSolution
		Debug|Any CPU = Debug|Any CPU
		Release|Any CPU = Release|Any CPU
	EndGlobalSection
	GlobalSection(ProjectConfigurationPlatforms) = postSolution
		{C93B0178-0D14-4EF6-8F11-D56D661D57E3}.Debug|Any CPU.ActiveCfg = Debug|Any CPU
		{C93B0178-0D14-4EF6-8F11-D56D661D57E3}.Debug|Any CPU.Build.0 = Debug|Any CPU
		{C93B0178-0D14-4EF6-8F11-D56D661D57E3}.Release|Any CPU.ActiveCfg = Release|Any CPU
		{C93B0178-0D14-4EF6-8F11-D56D661D57E3}.Release|Any CPU.Build.0 = Release|Any CPU
	EndGlobalSection
	GlobalSection(SolutionProperties) = preSolution
		HideSolutionNode = FALSE
	EndGlobalSection
	GlobalSection(ExtensibilityGlobals) = postSolution
		SolutionGuid = {19EB05CC-E213-45B6-88F0-94985B0D77E3}
	EndGlobalSection
EndGlobal
